// !$*UTF8*$!
{
	archiveVersion = 1;
	classes = {
	};
	objectVersion = 56;
	objects = {

/* Begin PBXBuildFile section */
		0421490C2DD43FEC004F2B12 /* ObatCard.swift in Sources */ = {isa = PBXBuildFile; fileRef = 0421490B2DD43FEC004F2B12 /* ObatCard.swift */; };
		042149112DD44488004F2B12 /* Models.swift in Sources */ = {isa = PBXBuildFile; fileRef = 042149102DD44488004F2B12 /* Models.swift */; };
		042149132DD4478B004F2B12 /* ConstantData.json in Resources */ = {isa = PBXBuildFile; fileRef = 042149122DD4478B004F2B12 /* ConstantData.json */; };
		042D517E2DD2E12300215B71 /* IntensifBar.swift in Sources */ = {isa = PBXBuildFile; fileRef = 042D517D2DD2E12300215B71 /* IntensifBar.swift */; };
		042D51802DD2E17F00215B71 /* DateSelector.swift in Sources */ = {isa = PBXBuildFile; fileRef = 042D517F2DD2E17F00215B71 /* DateSelector.swift */; };
		0448DF7C2DC99B4F005EB1AA /* remindmeApp.swift in Sources */ = {isa = PBXBuildFile; fileRef = 0448DF7B2DC99B4F005EB1AA /* remindmeApp.swift */; };
		0448DF7E2DC99B4F005EB1AA /* WeightSelected.swift in Sources */ = {isa = PBXBuildFile; fileRef = 0448DF7D2DC99B4F005EB1AA /* WeightSelected.swift */; };
		0448DF802DC99B50005EB1AA /* Assets.xcassets in Resources */ = {isa = PBXBuildFile; fileRef = 0448DF7F2DC99B50005EB1AA /* Assets.xcassets */; };
		0448DF832DC99B50005EB1AA /* Preview Assets.xcassets in Resources */ = {isa = PBXBuildFile; fileRef = 0448DF822DC99B50005EB1AA /* Preview Assets.xcassets */; };
		045C0B082DD5A0AF0073C12D /* Test.swift in Sources */ = {isa = PBXBuildFile; fileRef = 045C0B072DD5A0AF0073C12D /* Test.swift */; };
		0460DDB62DD5AAC1009A7A12 /* MainView.swift in Sources */ = {isa = PBXBuildFile; fileRef = 0460DDB52DD5AAC1009A7A12 /* MainView.swift */; };
		0460DDB82DD5D681009A7A12 /* EmptyJourney.swift in Sources */ = {isa = PBXBuildFile; fileRef = 0460DDB72DD5D681009A7A12 /* EmptyJourney.swift */; };
		047895BE2DD0CE7D00113504 /* HomeBar.swift in Sources */ = {isa = PBXBuildFile; fileRef = 047895BD2DD0CE7D00113504 /* HomeBar.swift */; };
		047895C02DD29EAA00113504 /* Launch Screen.storyboard in Resources */ = {isa = PBXBuildFile; fileRef = 047895BF2DD29EAA00113504 /* Launch Screen.storyboard */; };
		04CEE4A02DD4F09E0074EE76 /* Journey.swift in Sources */ = {isa = PBXBuildFile; fileRef = 04CEE49F2DD4F09E0074EE76 /* Journey.swift */; };
		04CEE4A22DD4F1020074EE76 /* CardJourney.swift in Sources */ = {isa = PBXBuildFile; fileRef = 04CEE4A12DD4F1020074EE76 /* CardJourney.swift */; };
/* End PBXBuildFile section */

/* Begin PBXFileReference section */
		0421490B2DD43FEC004F2B12 /* ObatCard.swift */ = {isa = PBXFileReference; lastKnownFileType = sourcecode.swift; path = ObatCard.swift; sourceTree = "<group>"; };
		042149102DD44488004F2B12 /* Models.swift */ = {isa = PBXFileReference; lastKnownFileType = sourcecode.swift; path = Models.swift; sourceTree = "<group>"; };
		042149122DD4478B004F2B12 /* ConstantData.json */ = {isa = PBXFileReference; lastKnownFileType = text.json; path = ConstantData.json; sourceTree = "<group>"; };
		042D517D2DD2E12300215B71 /* IntensifBar.swift */ = {isa = PBXFileReference; lastKnownFileType = sourcecode.swift; path = IntensifBar.swift; sourceTree = "<group>"; };
		042D517F2DD2E17F00215B71 /* DateSelector.swift */ = {isa = PBXFileReference; lastKnownFileType = sourcecode.swift; path = DateSelector.swift; sourceTree = "<group>"; };
		0448DF782DC99B4F005EB1AA /* remindme.app */ = {isa = PBXFileReference; explicitFileType = wrapper.application; includeInIndex = 0; path = remindme.app; sourceTree = BUILT_PRODUCTS_DIR; };
		0448DF7B2DC99B4F005EB1AA /* remindmeApp.swift */ = {isa = PBXFileReference; lastKnownFileType = sourcecode.swift; path = remindmeApp.swift; sourceTree = "<group>"; };
		0448DF7D2DC99B4F005EB1AA /* WeightSelected.swift */ = {isa = PBXFileReference; lastKnownFileType = sourcecode.swift; path = WeightSelected.swift; sourceTree = "<group>"; };
		0448DF7F2DC99B50005EB1AA /* Assets.xcassets */ = {isa = PBXFileReference; lastKnownFileType = folder.assetcatalog; path = Assets.xcassets; sourceTree = "<group>"; };
		0448DF822DC99B50005EB1AA /* Preview Assets.xcassets */ = {isa = PBXFileReference; lastKnownFileType = folder.assetcatalog; path = "Preview Assets.xcassets"; sourceTree = "<group>"; };
		045C0B072DD5A0AF0073C12D /* Test.swift */ = {isa = PBXFileReference; lastKnownFileType = sourcecode.swift; path = Test.swift; sourceTree = "<group>"; };
		0460DDB52DD5AAC1009A7A12 /* MainView.swift */ = {isa = PBXFileReference; lastKnownFileType = sourcecode.swift; path = MainView.swift; sourceTree = "<group>"; };
		0460DDB72DD5D681009A7A12 /* EmptyJourney.swift */ = {isa = PBXFileReference; lastKnownFileType = sourcecode.swift; path = EmptyJourney.swift; sourceTree = "<group>"; };
		047895BD2DD0CE7D00113504 /* HomeBar.swift */ = {isa = PBXFileReference; lastKnownFileType = sourcecode.swift; path = HomeBar.swift; sourceTree = "<group>"; };
		047895BF2DD29EAA00113504 /* Launch Screen.storyboard */ = {isa = PBXFileReference; lastKnownFileType = file.storyboard; path = "Launch Screen.storyboard"; sourceTree = "<group>"; };
		047895C12DD2A31100113504 /* Info.plist */ = {isa = PBXFileReference; lastKnownFileType = text.plist; path = Info.plist; sourceTree = "<group>"; };
		04CEE49F2DD4F09E0074EE76 /* Journey.swift */ = {isa = PBXFileReference; fileEncoding = 4; lastKnownFileType = sourcecode.swift; path = Journey.swift; sourceTree = "<group>"; };
		04CEE4A12DD4F1020074EE76 /* CardJourney.swift */ = {isa = PBXFileReference; fileEncoding = 4; lastKnownFileType = sourcecode.swift; path = CardJourney.swift; sourceTree = "<group>"; };
/* End PBXFileReference section */

/* Begin PBXFrameworksBuildPhase section */
		0448DF752DC99B4F005EB1AA /* Frameworks */ = {
			isa = PBXFrameworksBuildPhase;
			buildActionMask = 2147483647;
			files = (
			);
			runOnlyForDeploymentPostprocessing = 0;
		};
/* End PBXFrameworksBuildPhase section */

/* Begin PBXGroup section */
		0448DF6F2DC99B4F005EB1AA = {
			isa = PBXGroup;
			children = (
				047895BF2DD29EAA00113504 /* Launch Screen.storyboard */,
				0448DF7A2DC99B4F005EB1AA /* remindme */,
				0448DF792DC99B4F005EB1AA /* Products */,
			);
			sourceTree = "<group>";
		};
		0448DF792DC99B4F005EB1AA /* Products */ = {
			isa = PBXGroup;
			children = (
				0448DF782DC99B4F005EB1AA /* remindme.app */,
			);
			name = Products;
			sourceTree = "<group>";
		};
		0448DF7A2DC99B4F005EB1AA /* remindme */ = {
			isa = PBXGroup;
			children = (
				047895C12DD2A31100113504 /* Info.plist */,
				047895C72DD2A4A200113504 /* Models */,
				0448DF812DC99B50005EB1AA /* Preview Content */,
				045C0B062DD5A04D0073C12D /* HomeComponents */,
				0448DF7B2DC99B4F005EB1AA /* remindmeApp.swift */,
				0448DF7D2DC99B4F005EB1AA /* WeightSelected.swift */,
				0460DDB52DD5AAC1009A7A12 /* MainView.swift */,
				047895BD2DD0CE7D00113504 /* HomeBar.swift */,
				04CEE49F2DD4F09E0074EE76 /* Journey.swift */,
				0448DF7F2DC99B50005EB1AA /* Assets.xcassets */,
				045C0B072DD5A0AF0073C12D /* Test.swift */,
			);
			path = remindme;
			sourceTree = "<group>";
		};
		0448DF812DC99B50005EB1AA /* Preview Content */ = {
			isa = PBXGroup;
			children = (
				0448DF822DC99B50005EB1AA /* Preview Assets.xcassets */,
			);
			path = "Preview Content";
			sourceTree = "<group>";
		};
		045C0B062DD5A04D0073C12D /* HomeComponents */ = {
			isa = PBXGroup;
			children = (
				04CEE4A12DD4F1020074EE76 /* CardJourney.swift */,
				042D517D2DD2E12300215B71 /* IntensifBar.swift */,
				042D517F2DD2E17F00215B71 /* DateSelector.swift */,
				0421490B2DD43FEC004F2B12 /* ObatCard.swift */,
				0460DDB72DD5D681009A7A12 /* EmptyJourney.swift */,
			);
			name = HomeComponents;
			sourceTree = "<group>";
		};
		047895C72DD2A4A200113504 /* Models */ = {
			isa = PBXGroup;
			children = (
				042149102DD44488004F2B12 /* Models.swift */,
				042149122DD4478B004F2B12 /* ConstantData.json */,
			);
			name = Models;
			sourceTree = "<group>";
		};
/* End PBXGroup section */

/* Begin PBXNativeTarget section */
		0448DF772DC99B4F005EB1AA /* remindme */ = {
			isa = PBXNativeTarget;
			buildConfigurationList = 0448DF862DC99B50005EB1AA /* Build configuration list for PBXNativeTarget "remindme" */;
			buildPhases = (
				0448DF742DC99B4F005EB1AA /* Sources */,
				0448DF752DC99B4F005EB1AA /* Frameworks */,
				0448DF762DC99B4F005EB1AA /* Resources */,
			);
			buildRules = (
			);
			dependencies = (
			);
			name = remindme;
			productName = remindme;
			productReference = 0448DF782DC99B4F005EB1AA /* remindme.app */;
			productType = "com.apple.product-type.application";
		};
/* End PBXNativeTarget section */

/* Begin PBXProject section */
		0448DF702DC99B4F005EB1AA /* Project object */ = {
			isa = PBXProject;
			attributes = {
				BuildIndependentTargetsInParallel = 1;
				LastSwiftUpdateCheck = 1540;
				LastUpgradeCheck = 1540;
				TargetAttributes = {
					0448DF772DC99B4F005EB1AA = {
						CreatedOnToolsVersion = 15.4;
					};
				};
			};
			buildConfigurationList = 0448DF732DC99B4F005EB1AA /* Build configuration list for PBXProject "remindme" */;
			compatibilityVersion = "Xcode 14.0";
			developmentRegion = en;
			hasScannedForEncodings = 0;
			knownRegions = (
				en,
				Base,
			);
			mainGroup = 0448DF6F2DC99B4F005EB1AA;
			productRefGroup = 0448DF792DC99B4F005EB1AA /* Products */;
			projectDirPath = "";
			projectRoot = "";
			targets = (
				0448DF772DC99B4F005EB1AA /* remindme */,
			);
		};
/* End PBXProject section */

/* Begin PBXResourcesBuildPhase section */
		0448DF762DC99B4F005EB1AA /* Resources */ = {
			isa = PBXResourcesBuildPhase;
			buildActionMask = 2147483647;
			files = (
				047895C02DD29EAA00113504 /* Launch Screen.storyboard in Resources */,
				042149132DD4478B004F2B12 /* ConstantData.json in Resources */,
				0448DF832DC99B50005EB1AA /* Preview Assets.xcassets in Resources */,
				0448DF802DC99B50005EB1AA /* Assets.xcassets in Resources */,
			);
			runOnlyForDeploymentPostprocessing = 0;
		};
/* End PBXResourcesBuildPhase section */

/* Begin PBXSourcesBuildPhase section */
		0448DF742DC99B4F005EB1AA /* Sources */ = {
			isa = PBXSourcesBuildPhase;
			buildActionMask = 2147483647;
			files = (
				0460DDB82DD5D681009A7A12 /* EmptyJourney.swift in Sources */,
				0421490C2DD43FEC004F2B12 /* ObatCard.swift in Sources */,
				0460DDB62DD5AAC1009A7A12 /* MainView.swift in Sources */,
				0448DF7E2DC99B4F005EB1AA /* WeightSelected.swift in Sources */,
				0448DF7C2DC99B4F005EB1AA /* remindmeApp.swift in Sources */,
				047895BE2DD0CE7D00113504 /* HomeBar.swift in Sources */,
				04CEE4A02DD4F09E0074EE76 /* Journey.swift in Sources */,
				045C0B082DD5A0AF0073C12D /* Test.swift in Sources */,
				042149112DD44488004F2B12 /* Models.swift in Sources */,
				042D51802DD2E17F00215B71 /* DateSelector.swift in Sources */,
				042D517E2DD2E12300215B71 /* IntensifBar.swift in Sources */,
				04CEE4A22DD4F1020074EE76 /* CardJourney.swift in Sources */,
			);
			runOnlyForDeploymentPostprocessing = 0;
		};
/* End PBXSourcesBuildPhase section */

/* Begin XCBuildConfiguration section */
		0448DF842DC99B50005EB1AA /* Debug */ = {
			isa = XCBuildConfiguration;
			buildSettings = {
				ALWAYS_SEARCH_USER_PATHS = NO;
				ASSETCATALOG_COMPILER_GENERATE_SWIFT_ASSET_SYMBOL_EXTENSIONS = YES;
				CLANG_ANALYZER_NONNULL = YES;
				CLANG_ANALYZER_NUMBER_OBJECT_CONVERSION = YES_AGGRESSIVE;
				CLANG_CXX_LANGUAGE_STANDARD = "gnu++20";
				CLANG_ENABLE_MODULES = YES;
				CLANG_ENABLE_OBJC_ARC = YES;
				CLANG_ENABLE_OBJC_WEAK = YES;
				CLANG_WARN_BLOCK_CAPTURE_AUTORELEASING = YES;
				CLANG_WARN_BOOL_CONVERSION = YES;
				CLANG_WARN_COMMA = YES;
				CLANG_WARN_CONSTANT_CONVERSION = YES;
				CLANG_WARN_DEPRECATED_OBJC_IMPLEMENTATIONS = YES;
				CLANG_WARN_DIRECT_OBJC_ISA_USAGE = YES_ERROR;
				CLANG_WARN_DOCUMENTATION_COMMENTS = YES;
				CLANG_WARN_EMPTY_BODY = YES;
				CLANG_WARN_ENUM_CONVERSION = YES;
				CLANG_WARN_INFINITE_RECURSION = YES;
				CLANG_WARN_INT_CONVERSION = YES;
				CLANG_WARN_NON_LITERAL_NULL_CONVERSION = YES;
				CLANG_WARN_OBJC_IMPLICIT_RETAIN_SELF = YES;
				CLANG_WARN_OBJC_LITERAL_CONVERSION = YES;
				CLANG_WARN_OBJC_ROOT_CLASS = YES_ERROR;
				CLANG_WARN_QUOTED_INCLUDE_IN_FRAMEWORK_HEADER = YES;
				CLANG_WARN_RANGE_LOOP_ANALYSIS = YES;
				CLANG_WARN_STRICT_PROTOTYPES = YES;
				CLANG_WARN_SUSPICIOUS_MOVE = YES;
				CLANG_WARN_UNGUARDED_AVAILABILITY = YES_AGGRESSIVE;
				CLANG_WARN_UNREACHABLE_CODE = YES;
				CLANG_WARN__DUPLICATE_METHOD_MATCH = YES;
				COPY_PHASE_STRIP = NO;
				DEBUG_INFORMATION_FORMAT = dwarf;
				ENABLE_STRICT_OBJC_MSGSEND = YES;
				ENABLE_TESTABILITY = YES;
				ENABLE_USER_SCRIPT_SANDBOXING = YES;
				GCC_C_LANGUAGE_STANDARD = gnu17;
				GCC_DYNAMIC_NO_PIC = NO;
				GCC_NO_COMMON_BLOCKS = YES;
				GCC_OPTIMIZATION_LEVEL = 0;
				GCC_PREPROCESSOR_DEFINITIONS = (
					"DEBUG=1",
					"$(inherited)",
				);
				GCC_WARN_64_TO_32_BIT_CONVERSION = YES;
				GCC_WARN_ABOUT_RETURN_TYPE = YES_ERROR;
				GCC_WARN_UNDECLARED_SELECTOR = YES;
				GCC_WARN_UNINITIALIZED_AUTOS = YES_AGGRESSIVE;
				GCC_WARN_UNUSED_FUNCTION = YES;
				GCC_WARN_UNUSED_VARIABLE = YES;
				IPHONEOS_DEPLOYMENT_TARGET = 17.5;
				LOCALIZATION_PREFERS_STRING_CATALOGS = YES;
				MTL_ENABLE_DEBUG_INFO = INCLUDE_SOURCE;
				MTL_FAST_MATH = YES;
				ONLY_ACTIVE_ARCH = YES;
				SDKROOT = iphoneos;
				SWIFT_ACTIVE_COMPILATION_CONDITIONS = "DEBUG $(inherited)";
				SWIFT_OPTIMIZATION_LEVEL = "-Onone";
			};
			name = Debug;
		};
		0448DF852DC99B50005EB1AA /* Release */ = {
			isa = XCBuildConfiguration;
			buildSettings = {
				ALWAYS_SEARCH_USER_PATHS = NO;
				ASSETCATALOG_COMPILER_GENERATE_SWIFT_ASSET_SYMBOL_EXTENSIONS = YES;
				CLANG_ANALYZER_NONNULL = YES;
				CLANG_ANALYZER_NUMBER_OBJECT_CONVERSION = YES_AGGRESSIVE;
				CLANG_CXX_LANGUAGE_STANDARD = "gnu++20";
				CLANG_ENABLE_MODULES = YES;
				CLANG_ENABLE_OBJC_ARC = YES;
				CLANG_ENABLE_OBJC_WEAK = YES;
				CLANG_WARN_BLOCK_CAPTURE_AUTORELEASING = YES;
				CLANG_WARN_BOOL_CONVERSION = YES;
				CLANG_WARN_COMMA = YES;
				CLANG_WARN_CONSTANT_CONVERSION = YES;
				CLANG_WARN_DEPRECATED_OBJC_IMPLEMENTATIONS = YES;
				CLANG_WARN_DIRECT_OBJC_ISA_USAGE = YES_ERROR;
				CLANG_WARN_DOCUMENTATION_COMMENTS = YES;
				CLANG_WARN_EMPTY_BODY = YES;
				CLANG_WARN_ENUM_CONVERSION = YES;
				CLANG_WARN_INFINITE_RECURSION = YES;
				CLANG_WARN_INT_CONVERSION = YES;
				CLANG_WARN_NON_LITERAL_NULL_CONVERSION = YES;
				CLANG_WARN_OBJC_IMPLICIT_RETAIN_SELF = YES;
				CLANG_WARN_OBJC_LITERAL_CONVERSION = YES;
				CLANG_WARN_OBJC_ROOT_CLASS = YES_ERROR;
				CLANG_WARN_QUOTED_INCLUDE_IN_FRAMEWORK_HEADER = YES;
				CLANG_WARN_RANGE_LOOP_ANALYSIS = YES;
				CLANG_WARN_STRICT_PROTOTYPES = YES;
				CLANG_WARN_SUSPICIOUS_MOVE = YES;
				CLANG_WARN_UNGUARDED_AVAILABILITY = YES_AGGRESSIVE;
				CLANG_WARN_UNREACHABLE_CODE = YES;
				CLANG_WARN__DUPLICATE_METHOD_MATCH = YES;
				COPY_PHASE_STRIP = NO;
				DEBUG_INFORMATION_FORMAT = "dwarf-with-dsym";
				ENABLE_NS_ASSERTIONS = NO;
				ENABLE_STRICT_OBJC_MSGSEND = YES;
				ENABLE_USER_SCRIPT_SANDBOXING = YES;
				GCC_C_LANGUAGE_STANDARD = gnu17;
				GCC_NO_COMMON_BLOCKS = YES;
				GCC_WARN_64_TO_32_BIT_CONVERSION = YES;
				GCC_WARN_ABOUT_RETURN_TYPE = YES_ERROR;
				GCC_WARN_UNDECLARED_SELECTOR = YES;
				GCC_WARN_UNINITIALIZED_AUTOS = YES_AGGRESSIVE;
				GCC_WARN_UNUSED_FUNCTION = YES;
				GCC_WARN_UNUSED_VARIABLE = YES;
				IPHONEOS_DEPLOYMENT_TARGET = 17.5;
				LOCALIZATION_PREFERS_STRING_CATALOGS = YES;
				MTL_ENABLE_DEBUG_INFO = NO;
				MTL_FAST_MATH = YES;
				SDKROOT = iphoneos;
				SWIFT_COMPILATION_MODE = wholemodule;
				VALIDATE_PRODUCT = YES;
			};
			name = Release;
		};
		0448DF872DC99B50005EB1AA /* Debug */ = {
			isa = XCBuildConfiguration;
			buildSettings = {
				ASSETCATALOG_COMPILER_APPICON_NAME = AppIcon;
				ASSETCATALOG_COMPILER_GLOBAL_ACCENT_COLOR_NAME = AccentColor;
				ASSETCATALOG_COMPILER_INCLUDE_ALL_APPICON_ASSETS = NO;
				CODE_SIGN_STYLE = Automatic;
				CURRENT_PROJECT_VERSION = 1;
				DEVELOPMENT_ASSET_PATHS = "\"remindme/Preview Content\"";
				DEVELOPMENT_TEAM = PLU9RKK98N;
				ENABLE_PREVIEWS = YES;
				GENERATE_INFOPLIST_FILE = YES;
				INFOPLIST_FILE = remindme/Info.plist;
				INFOPLIST_KEY_CFBundleDisplayName = RemindU;
				INFOPLIST_KEY_UIApplicationSceneManifest_Generation = YES;
				INFOPLIST_KEY_UIApplicationSupportsIndirectInputEvents = YES;
				INFOPLIST_KEY_UILaunchScreen_Generation = YES;
				INFOPLIST_KEY_UILaunchStoryboardName = "";
				INFOPLIST_KEY_UISupportedInterfaceOrientations_iPad = "UIInterfaceOrientationPortrait UIInterfaceOrientationPortraitUpsideDown UIInterfaceOrientationLandscapeLeft UIInterfaceOrientationLandscapeRight";
				INFOPLIST_KEY_UISupportedInterfaceOrientations_iPhone = "UIInterfaceOrientationPortrait UIInterfaceOrientationLandscapeLeft UIInterfaceOrientationLandscapeRight";
				LD_RUNPATH_SEARCH_PATHS = (
					"$(inherited)",
					"@executable_path/Frameworks",
				);
				MARKETING_VERSION = 1.0;
				PRODUCT_BUNDLE_IDENTIFIER = com.saillorteam.remindu;
				PRODUCT_NAME = "$(TARGET_NAME)";
				SWIFT_EMIT_LOC_STRINGS = YES;
				SWIFT_VERSION = 5.0;
				TARGETED_DEVICE_FAMILY = "1,2";
			};
			name = Debug;
		};
		0448DF882DC99B50005EB1AA /* Release */ = {
			isa = XCBuildConfiguration;
			buildSettings = {
				ASSETCATALOG_COMPILER_APPICON_NAME = AppIcon;
				ASSETCATALOG_COMPILER_GLOBAL_ACCENT_COLOR_NAME = AccentColor;
				ASSETCATALOG_COMPILER_INCLUDE_ALL_APPICON_ASSETS = NO;
				CODE_SIGN_STYLE = Automatic;
				CURRENT_PROJECT_VERSION = 1;
				DEVELOPMENT_ASSET_PATHS = "\"remindme/Preview Content\"";
				DEVELOPMENT_TEAM = PLU9RKK98N;
				ENABLE_PREVIEWS = YES;
				GENERATE_INFOPLIST_FILE = YES;
				INFOPLIST_FILE = remindme/Info.plist;
				INFOPLIST_KEY_CFBundleDisplayName = RemindU;
				INFOPLIST_KEY_UIApplicationSceneManifest_Generation = YES;
				INFOPLIST_KEY_UIApplicationSupportsIndirectInputEvents = YES;
				INFOPLIST_KEY_UILaunchScreen_Generation = YES;
				INFOPLIST_KEY_UILaunchStoryboardName = "";
				INFOPLIST_KEY_UISupportedInterfaceOrientations_iPad = "UIInterfaceOrientationPortrait UIInterfaceOrientationPortraitUpsideDown UIInterfaceOrientationLandscapeLeft UIInterfaceOrientationLandscapeRight";
				INFOPLIST_KEY_UISupportedInterfaceOrientations_iPhone = "UIInterfaceOrientationPortrait UIInterfaceOrientationLandscapeLeft UIInterfaceOrientationLandscapeRight";
				LD_RUNPATH_SEARCH_PATHS = (
					"$(inherited)",
					"@executable_path/Frameworks",
				);
				MARKETING_VERSION = 1.0;
				PRODUCT_BUNDLE_IDENTIFIER = com.saillorteam.remindu;
				PRODUCT_NAME = "$(TARGET_NAME)";
				SWIFT_EMIT_LOC_STRINGS = YES;
				SWIFT_VERSION = 5.0;
				TARGETED_DEVICE_FAMILY = "1,2";
			};
			name = Release;
		};
/* End XCBuildConfiguration section */

/* Begin XCConfigurationList section */
		0448DF732DC99B4F005EB1AA /* Build configuration list for PBXProject "remindme" */ = {
			isa = XCConfigurationList;
			buildConfigurations = (
				0448DF842DC99B50005EB1AA /* Debug */,
				0448DF852DC99B50005EB1AA /* Release */,
			);
			defaultConfigurationIsVisible = 0;
			defaultConfigurationName = Release;
		};
		0448DF862DC99B50005EB1AA /* Build configuration list for PBXNativeTarget "remindme" */ = {
			isa = XCConfigurationList;
			buildConfigurations = (
				0448DF872DC99B50005EB1AA /* Debug */,
				0448DF882DC99B50005EB1AA /* Release */,
			);
			defaultConfigurationIsVisible = 0;
			defaultConfigurationName = Release;
		};
/* End XCConfigurationList section */
	};
	rootObject = 0448DF702DC99B4F005EB1AA /* Project object */;
}
